
Microsoft Visual Studio Solution File, Format Version 12.00
# Visual Studio Version 16
VisualStudioVersion = 16.0.33328.57
MinimumVisualStudioVersion = 10.0.40219.1
Project("{FAE04EC0-301F-11D3-BF4B-00C04F79EFBC}") = "Pasta_Pisirme_Surec_Uygulamasi", "Pasta_Pisirme_Surec_Uygulamasi\Pasta_Pisirme_Surec_Uygulamasi.csproj", "{355C2BFB-5B8D-4F3A-83E1-8AEBEE3A84CA}"
EndProject
Global
	GlobalSection(SolutionConfigurationPlatforms) = preSolution
		Debug|Any CPU = Debug|Any CPU
		Release|Any CPU = Release|Any CPU
	EndGlobalSection
	GlobalSection(ProjectConfigurationPlatforms) = postSolution
		{355C2BFB-5B8D-4F3A-83E1-8AEBEE3A84CA}.Debug|Any CPU.ActiveCfg = Debug|Any CPU
		{355C2BFB-5B8D-4F3A-83E1-8AEBEE3A84CA}.Debug|Any CPU.Build.0 = Debug|Any CPU
		{355C2BFB-5B8D-4F3A-83E1-8AEBEE3A84CA}.Release|Any CPU.ActiveCfg = Release|Any CPU
		{355C2BFB-5B8D-4F3A-83E1-8AEBEE3A84CA}.Release|Any CPU.Build.0 = Release|Any CPU
	EndGlobalSection
	GlobalSection(SolutionProperties) = preSolution
		HideSolutionNode = FALSE
	EndGlobalSection
	GlobalSection(ExtensibilityGlobals) = postSolution
		SolutionGuid = {815692D7-2F52-4EEF-915E-4EDECF4D8CAA}
	EndGlobalSection
EndGlobal
